// !$*UTF8*$!
{
	archiveVersion = 1;
	classes = {
	};
	objectVersion = 46;
	objects = {

/* Begin PBXBuildFile section */
		390D99AF1A88521A005A1734 /* AppDelegate.swift in Sources */ = {isa = PBXBuildFile; fileRef = 390D99AE1A88521A005A1734 /* AppDelegate.swift */; };
		390D99B21A88521A005A1734 /* ExchangeAGram.xcdatamodeld in Sources */ = {isa = PBXBuildFile; fileRef = 390D99B01A88521A005A1734 /* ExchangeAGram.xcdatamodeld */; };
		390D99B41A88521A005A1734 /* ViewController.swift in Sources */ = {isa = PBXBuildFile; fileRef = 390D99B31A88521A005A1734 /* ViewController.swift */; };
		390D99B71A88521A005A1734 /* Main.storyboard in Resources */ = {isa = PBXBuildFile; fileRef = 390D99B51A88521A005A1734 /* Main.storyboard */; };
		390D99B91A88521A005A1734 /* Images.xcassets in Resources */ = {isa = PBXBuildFile; fileRef = 390D99B81A88521A005A1734 /* Images.xcassets */; };
		390D99BC1A88521A005A1734 /* LaunchScreen.xib in Resources */ = {isa = PBXBuildFile; fileRef = 390D99BA1A88521A005A1734 /* LaunchScreen.xib */; };
		390D99C81A88521A005A1734 /* ExchangeAGramTests.swift in Sources */ = {isa = PBXBuildFile; fileRef = 390D99C71A88521A005A1734 /* ExchangeAGramTests.swift */; };
/* End PBXBuildFile section */

/* Begin PBXContainerItemProxy section */
		390D99C21A88521A005A1734 /* PBXContainerItemProxy */ = {
			isa = PBXContainerItemProxy;
			containerPortal = 390D99A11A88521A005A1734 /* Project object */;
			proxyType = 1;
			remoteGlobalIDString = 390D99A81A88521A005A1734;
			remoteInfo = ExchangeAGram;
		};
/* End PBXContainerItemProxy section */

/* Begin PBXFileReference section */
		390D99A91A88521A005A1734 /* ExchangeAGram.app */ = {isa = PBXFileReference; explicitFileType = wrapper.application; includeInIndex = 0; path = ExchangeAGram.app; sourceTree = BUILT_PRODUCTS_DIR; };
		390D99AD1A88521A005A1734 /* Info.plist */ = {isa = PBXFileReference; lastKnownFileType = text.plist.xml; path = Info.plist; sourceTree = "<group>"; };
		390D99AE1A88521A005A1734 /* AppDelegate.swift */ = {isa = PBXFileReference; lastKnownFileType = sourcecode.swift; path = AppDelegate.swift; sourceTree = "<group>"; };
		390D99B11A88521A005A1734 /* ExchangeAGram.xcdatamodel */ = {isa = PBXFileReference; lastKnownFileType = wrapper.xcdatamodel; path = ExchangeAGram.xcdatamodel; sourceTree = "<group>"; };
		390D99B31A88521A005A1734 /* ViewController.swift */ = {isa = PBXFileReference; lastKnownFileType = sourcecode.swift; path = ViewController.swift; sourceTree = "<group>"; };
		390D99B61A88521A005A1734 /* Base */ = {isa = PBXFileReference; lastKnownFileType = file.storyboard; name = Base; path = Base.lproj/Main.storyboard; sourceTree = "<group>"; };
		390D99B81A88521A005A1734 /* Images.xcassets */ = {isa = PBXFileReference; lastKnownFileType = folder.assetcatalog; path = Images.xcassets; sourceTree = "<group>"; };
		390D99BB1A88521A005A1734 /* Base */ = {isa = PBXFileReference; lastKnownFileType = file.xib; name = Base; path = Base.lproj/LaunchScreen.xib; sourceTree = "<group>"; };
		390D99C11A88521A005A1734 /* ExchangeAGramTests.xctest */ = {isa = PBXFileReference; explicitFileType = wrapper.cfbundle; includeInIndex = 0; path = ExchangeAGramTests.xctest; sourceTree = BUILT_PRODUCTS_DIR; };
		390D99C61A88521A005A1734 /* Info.plist */ = {isa = PBXFileReference; lastKnownFileType = text.plist.xml; path = Info.plist; sourceTree = "<group>"; };
		390D99C71A88521A005A1734 /* ExchangeAGramTests.swift */ = {isa = PBXFileReference; lastKnownFileType = sourcecode.swift; path = ExchangeAGramTests.swift; sourceTree = "<group>"; };
/* End PBXFileReference section */

/* Begin PBXFrameworksBuildPhase section */
		390D99A61A88521A005A1734 /* Frameworks */ = {
			isa = PBXFrameworksBuildPhase;
			buildActionMask = 2147483647;
			files = (
			);
			runOnlyForDeploymentPostprocessing = 0;
		};
		390D99BE1A88521A005A1734 /* Frameworks */ = {
			isa = PBXFrameworksBuildPhase;
			buildActionMask = 2147483647;
			files = (
			);
			runOnlyForDeploymentPostprocessing = 0;
		};
/* End PBXFrameworksBuildPhase section */

/* Begin PBXGroup section */
		390D99A01A88521A005A1734 = {
			isa = PBXGroup;
			children = (
				390D99AB1A88521A005A1734 /* ExchangeAGram */,
				390D99C41A88521A005A1734 /* ExchangeAGramTests */,
				390D99AA1A88521A005A1734 /* Products */,
			);
			sourceTree = "<group>";
		};
		390D99AA1A88521A005A1734 /* Products */ = {
			isa = PBXGroup;
			children = (
				390D99A91A88521A005A1734 /* ExchangeAGram.app */,
				390D99C11A88521A005A1734 /* ExchangeAGramTests.xctest */,
			);
			name = Products;
			sourceTree = "<group>";
		};
		390D99AB1A88521A005A1734 /* ExchangeAGram */ = {
			isa = PBXGroup;
			children = (
				390D99AE1A88521A005A1734 /* AppDelegate.swift */,
				390D99B31A88521A005A1734 /* ViewController.swift */,
				390D99B51A88521A005A1734 /* Main.storyboard */,
				390D99B81A88521A005A1734 /* Images.xcassets */,
				390D99BA1A88521A005A1734 /* LaunchScreen.xib */,
				390D99B01A88521A005A1734 /* ExchangeAGram.xcdatamodeld */,
				390D99AC1A88521A005A1734 /* Supporting Files */,
			);
			path = ExchangeAGram;
			sourceTree = "<group>";
		};
		390D99AC1A88521A005A1734 /* Supporting Files */ = {
			isa = PBXGroup;
			children = (
				390D99AD1A88521A005A1734 /* Info.plist */,
			);
			name = "Supporting Files";
			sourceTree = "<group>";
		};
		390D99C41A88521A005A1734 /* ExchangeAGramTests */ = {
			isa = PBXGroup;
			children = (
				390D99C71A88521A005A1734 /* ExchangeAGramTests.swift */,
				390D99C51A88521A005A1734 /* Supporting Files */,
			);
			path = ExchangeAGramTests;
			sourceTree = "<group>";
		};
		390D99C51A88521A005A1734 /* Supporting Files */ = {
			isa = PBXGroup;
			children = (
				390D99C61A88521A005A1734 /* Info.plist */,
			);
			name = "Supporting Files";
			sourceTree = "<group>";
		};
/* End PBXGroup section */

/* Begin PBXNativeTarget section */
		390D99A81A88521A005A1734 /* ExchangeAGram */ = {
			isa = PBXNativeTarget;
			buildConfigurationList = 390D99CB1A88521A005A1734 /* Build configuration list for PBXNativeTarget "ExchangeAGram" */;
			buildPhases = (
				390D99A51A88521A005A1734 /* Sources */,
				390D99A61A88521A005A1734 /* Frameworks */,
				390D99A71A88521A005A1734 /* Resources */,
			);
			buildRules = (
			);
			dependencies = (
			);
			name = ExchangeAGram;
			productName = ExchangeAGram;
			productReference = 390D99A91A88521A005A1734 /* ExchangeAGram.app */;
			productType = "com.apple.product-type.application";
		};
		390D99C01A88521A005A1734 /* ExchangeAGramTests */ = {
			isa = PBXNativeTarget;
			buildConfigurationList = 390D99CE1A88521A005A1734 /* Build configuration list for PBXNativeTarget "ExchangeAGramTests" */;
			buildPhases = (
				390D99BD1A88521A005A1734 /* Sources */,
				390D99BE1A88521A005A1734 /* Frameworks */,
				390D99BF1A88521A005A1734 /* Resources */,
			);
			buildRules = (
			);
			dependencies = (
				390D99C31A88521A005A1734 /* PBXTargetDependency */,
			);
			name = ExchangeAGramTests;
			productName = ExchangeAGramTests;
			productReference = 390D99C11A88521A005A1734 /* ExchangeAGramTests.xctest */;
			productType = "com.apple.product-type.bundle.unit-test";
		};
/* End PBXNativeTarget section */

/* Begin PBXProject section */
		390D99A11A88521A005A1734 /* Project object */ = {
			isa = PBXProject;
			attributes = {
				LastUpgradeCheck = 0620;
				ORGANIZATIONNAME = "Vedant Bhatt";
				TargetAttributes = {
					390D99A81A88521A005A1734 = {
						CreatedOnToolsVersion = 6.2;
					};
					390D99C01A88521A005A1734 = {
						CreatedOnToolsVersion = 6.2;
						TestTargetID = 390D99A81A88521A005A1734;
					};
				};
			};
			buildConfigurationList = 390D99A41A88521A005A1734 /* Build configuration list for PBXProject "ExchangeAGram" */;
			compatibilityVersion = "Xcode 3.2";
			developmentRegion = English;
			hasScannedForEncodings = 0;
			knownRegions = (
				en,
				Base,
			);
			mainGroup = 390D99A01A88521A005A1734;
			productRefGroup = 390D99AA1A88521A005A1734 /* Products */;
			projectDirPath = "";
			projectRoot = "";
			targets = (
				390D99A81A88521A005A1734 /* ExchangeAGram */,
				390D99C01A88521A005A1734 /* ExchangeAGramTests */,
			);
		};
/* End PBXProject section */

/* Begin PBXResourcesBuildPhase section */
		390D99A71A88521A005A1734 /* Resources */ = {
			isa = PBXResourcesBuildPhase;
			buildActionMask = 2147483647;
			files = (
				390D99B71A88521A005A1734 /* Main.storyboard in Resources */,
				390D99BC1A88521A005A1734 /* LaunchScreen.xib in Resources */,
				390D99B91A88521A005A1734 /* Images.xcassets in Resources */,
			);
			runOnlyForDeploymentPostprocessing = 0;
		};
		390D99BF1A88521A005A1734 /* Resources */ = {
			isa = PBXResourcesBuildPhase;
			buildActionMask = 2147483647;
			files = (
			);
			runOnlyForDeploymentPostprocessing = 0;
		};
/* End PBXResourcesBuildPhase section */

/* Begin PBXSourcesBuildPhase section */
		390D99A51A88521A005A1734 /* Sources */ = {
			isa = PBXSourcesBuildPhase;
			buildActionMask = 2147483647;
			files = (
				390D99B41A88521A005A1734 /* ViewController.swift in Sources */,
				390D99AF1A88521A005A1734 /* AppDelegate.swift in Sources */,
				390D99B21A88521A005A1734 /* ExchangeAGram.xcdatamodeld in Sources */,
			);
			runOnlyForDeploymentPostprocessing = 0;
		};
		390D99BD1A88521A005A1734 /* Sources */ = {
			isa = PBXSourcesBuildPhase;
			buildActionMask = 2147483647;
			files = (
				390D99C81A88521A005A1734 /* ExchangeAGramTests.swift in Sources */,
			);
			runOnlyForDeploymentPostprocessing = 0;
		};
/* End PBXSourcesBuildPhase section */

/* Begin PBXTargetDependency section */
		390D99C31A88521A005A1734 /* PBXTargetDependency */ = {
			isa = PBXTargetDependency;
			target = 390D99A81A88521A005A1734 /* ExchangeAGram */;
			targetProxy = 390D99C21A88521A005A1734 /* PBXContainerItemProxy */;
		};
/* End PBXTargetDependency section */

/* Begin PBXVariantGroup section */
		390D99B51A88521A005A1734 /* Main.storyboard */ = {
			isa = PBXVariantGroup;
			children = (
				390D99B61A88521A005A1734 /* Base */,
			);
			name = Main.storyboard;
			sourceTree = "<group>";
		};
		390D99BA1A88521A005A1734 /* LaunchScreen.xib */ = {
			isa = PBXVariantGroup;
			children = (
				390D99BB1A88521A005A1734 /* Base */,
			);
			name = LaunchScreen.xib;
			sourceTree = "<group>";
		};
/* End PBXVariantGroup section */

/* Begin XCBuildConfiguration section */
		390D99C91A88521A005A1734 /* Debug */ = {
			isa = XCBuildConfiguration;
			buildSettings = {
				ALWAYS_SEARCH_USER_PATHS = NO;
				CLANG_CXX_LANGUAGE_STANDARD = "gnu++0x";
				CLANG_CXX_LIBRARY = "libc++";
				CLANG_ENABLE_MODULES = YES;
				CLANG_ENABLE_OBJC_ARC = YES;
				CLANG_WARN_BOOL_CONVERSION = YES;
				CLANG_WARN_CONSTANT_CONVERSION = YES;
				CLANG_WARN_DIRECT_OBJC_ISA_USAGE = YES_ERROR;
				CLANG_WARN_EMPTY_BODY = YES;
				CLANG_WARN_ENUM_CONVERSION = YES;
				CLANG_WARN_INT_CONVERSION = YES;
				CLANG_WARN_OBJC_ROOT_CLASS = YES_ERROR;
				CLANG_WARN_UNREACHABLE_CODE = YES;
				CLANG_WARN__DUPLICATE_METHOD_MATCH = YES;
				"CODE_SIGN_IDENTITY[sdk=iphoneos*]" = "iPhone Developer";
				COPY_PHASE_STRIP = NO;
				ENABLE_STRICT_OBJC_MSGSEND = YES;
				GCC_C_LANGUAGE_STANDARD = gnu99;
				GCC_DYNAMIC_NO_PIC = NO;
				GCC_OPTIMIZATION_LEVEL = 0;
				GCC_PREPROCESSOR_DEFINITIONS = (
					"DEBUG=1",
					"$(inherited)",
				);
				GCC_SYMBOLS_PRIVATE_EXTERN = NO;
				GCC_WARN_64_TO_32_BIT_CONVERSION = YES;
				GCC_WARN_ABOUT_RETURN_TYPE = YES_ERROR;
				GCC_WARN_UNDECLARED_SELECTOR = YES;
				GCC_WARN_UNINITIALIZED_AUTOS = YES_AGGRESSIVE;
				GCC_WARN_UNUSED_FUNCTION = YES;
				GCC_WARN_UNUSED_VARIABLE = YES;
				IPHONEOS_DEPLOYMENT_TARGET = 8.2;
				MTL_ENABLE_DEBUG_INFO = YES;
				ONLY_ACTIVE_ARCH = YES;
				SDKROOT = iphoneos;
				SWIFT_OPTIMIZATION_LEVEL = "-Onone";
				TARGETED_DEVICE_FAMILY = "1,2";
			};
			name = Debug;
		};
		390D99CA1A88521A005A1734 /* Release */ = {
			isa = XCBuildConfiguration;
			buildSettings = {
				ALWAYS_SEARCH_USER_PATHS = NO;
				CLANG_CXX_LANGUAGE_STANDARD = "gnu++0x";
				CLANG_CXX_LIBRARY = "libc++";
				CLANG_ENABLE_MODULES = YES;
				CLANG_ENABLE_OBJC_ARC = YES;
				CLANG_WARN_BOOL_CONVERSION = YES;
				CLANG_WARN_CONSTANT_CONVERSION = YES;
				CLANG_WARN_DIRECT_OBJC_ISA_USAGE = YES_ERROR;
				CLANG_WARN_EMPTY_BODY = YES;
				CLANG_WARN_ENUM_CONVERSION = YES;
				CLANG_WARN_INT_CONVERSION = YES;
				CLANG_WARN_OBJC_ROOT_CLASS = YES_ERROR;
				CLANG_WARN_UNREACHABLE_CODE = YES;
				CLANG_WARN__DUPLICATE_METHOD_MATCH = YES;
				"CODE_SIGN_IDENTITY[sdk=iphoneos*]" = "iPhone Developer";
				COPY_PHASE_STRIP = NO;
				ENABLE_NS_ASSERTIONS = NO;
				ENABLE_STRICT_OBJC_MSGSEND = YES;
				GCC_C_LANGUAGE_STANDARD = gnu99;
				GCC_WARN_64_TO_32_BIT_CONVERSION = YES;
				GCC_WARN_ABOUT_RETURN_TYPE = YES_ERROR;
				GCC_WARN_UNDECLARED_SELECTOR = YES;
				GCC_WARN_UNINITIALIZED_AUTOS = YES_AGGRESSIVE;
				GCC_WARN_UNUSED_FUNCTION = YES;
				GCC_WARN_UNUSED_VARIABLE = YES;
				IPHONEOS_DEPLOYMENT_TARGET = 8.2;
				MTL_ENABLE_DEBUG_INFO = NO;
				SDKROOT = iphoneos;
				TARGETED_DEVICE_FAMILY = "1,2";
				VALIDATE_PRODUCT = YES;
			};
			name = Release;
		};
		390D99CC1A88521A005A1734 /* Debug */ = {
			isa = XCBuildConfiguration;
			buildSettings = {
				ASSETCATALOG_COMPILER_APPICON_NAME = AppIcon;
				INFOPLIST_FILE = ExchangeAGram/Info.plist;
				LD_RUNPATH_SEARCH_PATHS = "$(inherited) @executable_path/Frameworks";
				PRODUCT_NAME = "$(TARGET_NAME)";
			};
			name = Debug;
		};
		390D99CD1A88521A005A1734 /* Release */ = {
			isa = XCBuildConfiguration;
			buildSettings = {
				ASSETCATALOG_COMPILER_APPICON_NAME = AppIcon;
				INFOPLIST_FILE = ExchangeAGram/Info.plist;
				LD_RUNPATH_SEARCH_PATHS = "$(inherited) @executable_path/Frameworks";
				PRODUCT_NAME = "$(TARGET_NAME)";
			};
			name = Release;
		};
		390D99CF1A88521A005A1734 /* Debug */ = {
			isa = XCBuildConfiguration;
			buildSettings = {
				BUNDLE_LOADER = "$(TEST_HOST)";
				FRAMEWORK_SEARCH_PATHS = (
					"$(SDKROOT)/Developer/Library/Frameworks",
					"$(inherited)",
				);
				GCC_PREPROCESSOR_DEFINITIONS = (
					"DEBUG=1",
					"$(inherited)",
				);
				INFOPLIST_FILE = ExchangeAGramTests/Info.plist;
				LD_RUNPATH_SEARCH_PATHS = "$(inherited) @executable_path/Frameworks @loader_path/Frameworks";
				PRODUCT_NAME = "$(TARGET_NAME)";
				TEST_HOST = "$(BUILT_PRODUCTS_DIR)/ExchangeAGram.app/ExchangeAGram";
			};
			name = Debug;
		};
		390D99D01A88521A005A1734 /* Release */ = {
			isa = XCBuildConfiguration;
			buildSettings = {
				BUNDLE_LOADER = "$(TEST_HOST)";
				FRAMEWORK_SEARCH_PATHS = (
					"$(SDKROOT)/Developer/Library/Frameworks",
					"$(inherited)",
				);
				INFOPLIST_FILE = ExchangeAGramTests/Info.plist;
				LD_RUNPATH_SEARCH_PATHS = "$(inherited) @executable_path/Frameworks @loader_path/Frameworks";
				PRODUCT_NAME = "$(TARGET_NAME)";
				TEST_HOST = "$(BUILT_PRODUCTS_DIR)/ExchangeAGram.app/ExchangeAGram";
			};
			name = Release;
		};
/* End XCBuildConfiguration section */

/* Begin XCConfigurationList section */
		390D99A41A88521A005A1734 /* Build configuration list for PBXProject "ExchangeAGram" */ = {
			isa = XCConfigurationList;
			buildConfigurations = (
				390D99C91A88521A005A1734 /* Debug */,
				390D99CA1A88521A005A1734 /* Release */,
			);
			defaultConfigurationIsVisible = 0;
			defaultConfigurationName = Release;
		};
		390D99CB1A88521A005A1734 /* Build configuration list for PBXNativeTarget "ExchangeAGram" */ = {
			isa = XCConfigurationList;
			buildConfigurations = (
				390D99CC1A88521A005A1734 /* Debug */,
				390D99CD1A88521A005A1734 /* Release */,
			);
			defaultConfigurationIsVisible = 0;
		};
		390D99CE1A88521A005A1734 /* Build configuration list for PBXNativeTarget "ExchangeAGramTests" */ = {
			isa = XCConfigurationList;
			buildConfigurations = (
				390D99CF1A88521A005A1734 /* Debug */,
				390D99D01A88521A005A1734 /* Release */,
			);
			defaultConfigurationIsVisible = 0;
		};
/* End XCConfigurationList section */

/* Begin XCVersionGroup section */
		390D99B01A88521A005A1734 /* ExchangeAGram.xcdatamodeld */ = {
			isa = XCVersionGroup;
			children = (
				390D99B11A88521A005A1734 /* ExchangeAGram.xcdatamodel */,
			);
			currentVersion = 390D99B11A88521A005A1734 /* ExchangeAGram.xcdatamodel */;
			path = ExchangeAGram.xcdatamodeld;
			sourceTree = "<group>";
			versionGroupType = wrapper.xcdatamodel;
		};
/* End XCVersionGroup section */
	};
	rootObject = 390D99A11A88521A005A1734 /* Project object */;
}
